
Microsoft Visual Studio Solution File, Format Version 12.00
# Visual Studio Version 17
VisualStudioVersion = 17.4.33205.214
MinimumVisualStudioVersion = 10.0.40219.1
Project("{FAE04EC0-301F-11D3-BF4B-00C04F79EFBC}") = "GoProPilot.Ava", "GoProPilot.Ava.csproj", "{8D2CE152-5960-41EB-B869-CF9E676904CB}"
EndProject
Global
	GlobalSection(SolutionConfigurationPlatforms) = preSolution
		Debug|Any CPU = Debug|Any CPU
		Release|Any CPU = Release|Any CPU
	EndGlobalSection
	GlobalSection(ProjectConfigurationPlatforms) = postSolution
		{8D2CE152-5960-41EB-B869-CF9E676904CB}.Debug|Any CPU.ActiveCfg = Debug|Any CPU
		{8D2CE152-5960-41EB-B869-CF9E676904CB}.Debug|Any CPU.Build.0 = Debug|Any CPU
		{8D2CE152-5960-41EB-B869-CF9E676904CB}.Release|Any CPU.ActiveCfg = Release|Any CPU
		{8D2CE152-5960-41EB-B869-CF9E676904CB}.Release|Any CPU.Build.0 = Release|Any CPU
	EndGlobalSection
	GlobalSection(SolutionProperties) = preSolution
		HideSolutionNode = FALSE
	EndGlobalSection
	GlobalSection(ExtensibilityGlobals) = postSolution
		SolutionGuid = {73659904-BF49-4DA8-8088-DE5F5169600E}
	EndGlobalSection
EndGlobal
