
Microsoft Visual Studio Solution File, Format Version 12.00
# Visual Studio Version 17
VisualStudioVersion = 17.4.33205.214
MinimumVisualStudioVersion = 10.0.40219.1
Project("{9A19103F-16F7-4668-BE54-9A1E7A4F7556}") = "GoProPilot", "GoProPilot\GoProPilot.csproj", "{899782CB-55E3-41B6-8013-329FA1639B3A}"
EndProject
Global
	GlobalSection(SolutionConfigurationPlatforms) = preSolution
		Debug|Any CPU = Debug|Any CPU
		Release|Any CPU = Release|Any CPU
	EndGlobalSection
	GlobalSection(ProjectConfigurationPlatforms) = postSolution
		{899782CB-55E3-41B6-8013-329FA1639B3A}.Debug|Any CPU.ActiveCfg = Debug|Any CPU
		{899782CB-55E3-41B6-8013-329FA1639B3A}.Debug|Any CPU.Build.0 = Debug|Any CPU
		{899782CB-55E3-41B6-8013-329FA1639B3A}.Release|Any CPU.ActiveCfg = Release|Any CPU
		{899782CB-55E3-41B6-8013-329FA1639B3A}.Release|Any CPU.Build.0 = Release|Any CPU
	EndGlobalSection
	GlobalSection(SolutionProperties) = preSolution
		HideSolutionNode = FALSE
	EndGlobalSection
	GlobalSection(ExtensibilityGlobals) = postSolution
		SolutionGuid = {73659904-BF49-4DA8-8088-DE5F5169600E}
	EndGlobalSection
EndGlobal
